// !$*UTF8*$!
{
	archiveVersion = 1;
	classes = {
	};
	objectVersion = 50;
	objects = {

/* Begin PBXBuildFile section */
		712B356C249C2E08000C8A6D /* AppDelegate.swift in Sources */ = {isa = PBXBuildFile; fileRef = 712B356B249C2E08000C8A6D /* AppDelegate.swift */; };
		712B3570249C2E08000C8A6D /* ViewController.swift in Sources */ = {isa = PBXBuildFile; fileRef = 712B356F249C2E08000C8A6D /* ViewController.swift */; };
		712B3573249C2E08000C8A6D /* Main.storyboard in Resources */ = {isa = PBXBuildFile; fileRef = 712B3571249C2E08000C8A6D /* Main.storyboard */; };
		712B3575249C2E0B000C8A6D /* Assets.xcassets in Resources */ = {isa = PBXBuildFile; fileRef = 712B3574249C2E0B000C8A6D /* Assets.xcassets */; };
		712B3578249C2E0B000C8A6D /* LaunchScreen.storyboard in Resources */ = {isa = PBXBuildFile; fileRef = 712B3576249C2E0B000C8A6D /* LaunchScreen.storyboard */; };
		712B3585249C3179000C8A6D /* TFLiteImageInterpreter.swift in Sources */ = {isa = PBXBuildFile; fileRef = 712B3583249C3179000C8A6D /* TFLiteImageInterpreter.swift */; };
		712B3586249C3179000C8A6D /* TFLiteFlatArray.swift in Sources */ = {isa = PBXBuildFile; fileRef = 712B3584249C3179000C8A6D /* TFLiteFlatArray.swift */; };
		712B3589249C48B5000C8A6D /* CVPixelBufferExtension.swift in Sources */ = {isa = PBXBuildFile; fileRef = 712B3588249C48B5000C8A6D /* CVPixelBufferExtension.swift */; };
		712B358B249C48E6000C8A6D /* DataExtension.swift in Sources */ = {isa = PBXBuildFile; fileRef = 712B358A249C48E6000C8A6D /* DataExtension.swift */; };
		712B358E249C493A000C8A6D /* UIImageExtension.swift in Sources */ = {isa = PBXBuildFile; fileRef = 712B358D249C493A000C8A6D /* UIImageExtension.swift */; };
		712B3590249C512F000C8A6D /* mnistCNN.tflite in Resources */ = {isa = PBXBuildFile; fileRef = 712B358F249C512F000C8A6D /* mnistCNN.tflite */; };
		712B3592249C52FD000C8A6D /* MNISTImageClassifier.swift in Sources */ = {isa = PBXBuildFile; fileRef = 712B3591249C52FD000C8A6D /* MNISTImageClassifier.swift */; };
		712B3594249C5313000C8A6D /* ImageClassifier.swift in Sources */ = {isa = PBXBuildFile; fileRef = 712B3593249C5313000C8A6D /* ImageClassifier.swift */; };
		712B3596249CB570000C8A6D /* DrawView.swift in Sources */ = {isa = PBXBuildFile; fileRef = 712B3595249CB570000C8A6D /* DrawView.swift */; };
		E4A4066BA09B3BE0780D9213 /* Pods_MNIST_TFLiteSwift.framework in Frameworks */ = {isa = PBXBuildFile; fileRef = 763652FCD7606D1048E2C557 /* Pods_MNIST_TFLiteSwift.framework */; };
/* End PBXBuildFile section */

/* Begin PBXFileReference section */
		5330708A60F9FBEB46CB2C7B /* Pods-MNIST-TFLiteSwift.debug.xcconfig */ = {isa = PBXFileReference; includeInIndex = 1; lastKnownFileType = text.xcconfig; name = "Pods-MNIST-TFLiteSwift.debug.xcconfig"; path = "Target Support Files/Pods-MNIST-TFLiteSwift/Pods-MNIST-TFLiteSwift.debug.xcconfig"; sourceTree = "<group>"; };
		712B3568249C2E08000C8A6D /* MNIST-TFLiteSwift.app */ = {isa = PBXFileReference; explicitFileType = wrapper.application; includeInIndex = 0; path = "MNIST-TFLiteSwift.app"; sourceTree = BUILT_PRODUCTS_DIR; };
		712B356B249C2E08000C8A6D /* AppDelegate.swift */ = {isa = PBXFileReference; lastKnownFileType = sourcecode.swift; path = AppDelegate.swift; sourceTree = "<group>"; };
		712B356F249C2E08000C8A6D /* ViewController.swift */ = {isa = PBXFileReference; lastKnownFileType = sourcecode.swift; path = ViewController.swift; sourceTree = "<group>"; };
		712B3572249C2E08000C8A6D /* Base */ = {isa = PBXFileReference; lastKnownFileType = file.storyboard; name = Base; path = Base.lproj/Main.storyboard; sourceTree = "<group>"; };
		712B3574249C2E0B000C8A6D /* Assets.xcassets */ = {isa = PBXFileReference; lastKnownFileType = folder.assetcatalog; path = Assets.xcassets; sourceTree = "<group>"; };
		712B3577249C2E0B000C8A6D /* Base */ = {isa = PBXFileReference; lastKnownFileType = file.storyboard; name = Base; path = Base.lproj/LaunchScreen.storyboard; sourceTree = "<group>"; };
		712B3579249C2E0B000C8A6D /* Info.plist */ = {isa = PBXFileReference; lastKnownFileType = text.plist.xml; path = Info.plist; sourceTree = "<group>"; };
		712B3583249C3179000C8A6D /* TFLiteImageInterpreter.swift */ = {isa = PBXFileReference; fileEncoding = 4; lastKnownFileType = sourcecode.swift; path = TFLiteImageInterpreter.swift; sourceTree = "<group>"; };
		712B3584249C3179000C8A6D /* TFLiteFlatArray.swift */ = {isa = PBXFileReference; fileEncoding = 4; lastKnownFileType = sourcecode.swift; path = TFLiteFlatArray.swift; sourceTree = "<group>"; };
		712B3588249C48B5000C8A6D /* CVPixelBufferExtension.swift */ = {isa = PBXFileReference; lastKnownFileType = sourcecode.swift; path = CVPixelBufferExtension.swift; sourceTree = "<group>"; };
		712B358A249C48E6000C8A6D /* DataExtension.swift */ = {isa = PBXFileReference; lastKnownFileType = sourcecode.swift; path = DataExtension.swift; sourceTree = "<group>"; };
		712B358D249C493A000C8A6D /* UIImageExtension.swift */ = {isa = PBXFileReference; lastKnownFileType = sourcecode.swift; path = UIImageExtension.swift; sourceTree = "<group>"; };
		712B358F249C512F000C8A6D /* mnistCNN.tflite */ = {isa = PBXFileReference; lastKnownFileType = file; path = mnistCNN.tflite; sourceTree = "<group>"; };
		712B3591249C52FD000C8A6D /* MNISTImageClassifier.swift */ = {isa = PBXFileReference; lastKnownFileType = sourcecode.swift; path = MNISTImageClassifier.swift; sourceTree = "<group>"; };
		712B3593249C5313000C8A6D /* ImageClassifier.swift */ = {isa = PBXFileReference; lastKnownFileType = sourcecode.swift; path = ImageClassifier.swift; sourceTree = "<group>"; };
		712B3595249CB570000C8A6D /* DrawView.swift */ = {isa = PBXFileReference; lastKnownFileType = sourcecode.swift; path = DrawView.swift; sourceTree = "<group>"; };
		763652FCD7606D1048E2C557 /* Pods_MNIST_TFLiteSwift.framework */ = {isa = PBXFileReference; explicitFileType = wrapper.framework; includeInIndex = 0; path = Pods_MNIST_TFLiteSwift.framework; sourceTree = BUILT_PRODUCTS_DIR; };
		7E259850495AC8FE02578F6D /* Pods-MNIST-TFLiteSwift.release.xcconfig */ = {isa = PBXFileReference; includeInIndex = 1; lastKnownFileType = text.xcconfig; name = "Pods-MNIST-TFLiteSwift.release.xcconfig"; path = "Target Support Files/Pods-MNIST-TFLiteSwift/Pods-MNIST-TFLiteSwift.release.xcconfig"; sourceTree = "<group>"; };
/* End PBXFileReference section */

/* Begin PBXFrameworksBuildPhase section */
		712B3565249C2E08000C8A6D /* Frameworks */ = {
			isa = PBXFrameworksBuildPhase;
			buildActionMask = 2147483647;
			files = (
				E4A4066BA09B3BE0780D9213 /* Pods_MNIST_TFLiteSwift.framework in Frameworks */,
			);
			runOnlyForDeploymentPostprocessing = 0;
		};
/* End PBXFrameworksBuildPhase section */

/* Begin PBXGroup section */
		0D6F868727E589A1AF11CED7 /* Frameworks */ = {
			isa = PBXGroup;
			children = (
				763652FCD7606D1048E2C557 /* Pods_MNIST_TFLiteSwift.framework */,
			);
			name = Frameworks;
			sourceTree = "<group>";
		};
		712B355F249C2E08000C8A6D = {
			isa = PBXGroup;
			children = (
				712B356A249C2E08000C8A6D /* MNIST-TFLiteSwift */,
				712B3569249C2E08000C8A6D /* Products */,
				8AA114A967617FA19B91F95B /* Pods */,
				0D6F868727E589A1AF11CED7 /* Frameworks */,
			);
			sourceTree = "<group>";
		};
		712B3569249C2E08000C8A6D /* Products */ = {
			isa = PBXGroup;
			children = (
				712B3568249C2E08000C8A6D /* MNIST-TFLiteSwift.app */,
			);
			name = Products;
			sourceTree = "<group>";
		};
		712B356A249C2E08000C8A6D /* MNIST-TFLiteSwift */ = {
			isa = PBXGroup;
			children = (
				712B356B249C2E08000C8A6D /* AppDelegate.swift */,
				712B356F249C2E08000C8A6D /* ViewController.swift */,
				712B3595249CB570000C8A6D /* DrawView.swift */,
				712B3593249C5313000C8A6D /* ImageClassifier.swift */,
				712B3591249C52FD000C8A6D /* MNISTImageClassifier.swift */,
				712B358F249C512F000C8A6D /* mnistCNN.tflite */,
				712B3587249C3191000C8A6D /* TFLite */,
				712B358C249C48EC000C8A6D /* Extensions */,
				712B3571249C2E08000C8A6D /* Main.storyboard */,
				712B3574249C2E0B000C8A6D /* Assets.xcassets */,
				712B3576249C2E0B000C8A6D /* LaunchScreen.storyboard */,
				712B3579249C2E0B000C8A6D /* Info.plist */,
			);
			path = "MNIST-TFLiteSwift";
			sourceTree = "<group>";
		};
		712B3587249C3191000C8A6D /* TFLite */ = {
			isa = PBXGroup;
			children = (
				712B3583249C3179000C8A6D /* TFLiteImageInterpreter.swift */,
				712B3584249C3179000C8A6D /* TFLiteFlatArray.swift */,
			);
			path = TFLite;
			sourceTree = "<group>";
		};
		712B358C249C48EC000C8A6D /* Extensions */ = {
			isa = PBXGroup;
			children = (
				712B3588249C48B5000C8A6D /* CVPixelBufferExtension.swift */,
				712B358D249C493A000C8A6D /* UIImageExtension.swift */,
				712B358A249C48E6000C8A6D /* DataExtension.swift */,
			);
			path = Extensions;
			sourceTree = "<group>";
		};
		8AA114A967617FA19B91F95B /* Pods */ = {
			isa = PBXGroup;
			children = (
				5330708A60F9FBEB46CB2C7B /* Pods-MNIST-TFLiteSwift.debug.xcconfig */,
				7E259850495AC8FE02578F6D /* Pods-MNIST-TFLiteSwift.release.xcconfig */,
			);
			path = Pods;
			sourceTree = "<group>";
		};
/* End PBXGroup section */

/* Begin PBXNativeTarget section */
		712B3567249C2E08000C8A6D /* MNIST-TFLiteSwift */ = {
			isa = PBXNativeTarget;
			buildConfigurationList = 712B357C249C2E0B000C8A6D /* Build configuration list for PBXNativeTarget "MNIST-TFLiteSwift" */;
			buildPhases = (
				08779E580B6BC06E89E28B21 /* [CP] Check Pods Manifest.lock */,
				712B3564249C2E08000C8A6D /* Sources */,
				712B3565249C2E08000C8A6D /* Frameworks */,
				712B3566249C2E08000C8A6D /* Resources */,
			);
			buildRules = (
			);
			dependencies = (
			);
			name = "MNIST-TFLiteSwift";
			productName = "MNIST-TFLiteSwift";
			productReference = 712B3568249C2E08000C8A6D /* MNIST-TFLiteSwift.app */;
			productType = "com.apple.product-type.application";
		};
/* End PBXNativeTarget section */

/* Begin PBXProject section */
		712B3560249C2E08000C8A6D /* Project object */ = {
			isa = PBXProject;
			attributes = {
				LastSwiftUpdateCheck = 1150;
				LastUpgradeCheck = 1150;
				ORGANIZATIONNAME = "Doyoung Gwak";
				TargetAttributes = {
					712B3567249C2E08000C8A6D = {
						CreatedOnToolsVersion = 11.5;
					};
				};
			};
			buildConfigurationList = 712B3563249C2E08000C8A6D /* Build configuration list for PBXProject "MNIST-TFLiteSwift" */;
			compatibilityVersion = "Xcode 9.3";
			developmentRegion = en;
			hasScannedForEncodings = 0;
			knownRegions = (
				en,
				Base,
			);
			mainGroup = 712B355F249C2E08000C8A6D;
			productRefGroup = 712B3569249C2E08000C8A6D /* Products */;
			projectDirPath = "";
			projectRoot = "";
			targets = (
				712B3567249C2E08000C8A6D /* MNIST-TFLiteSwift */,
			);
		};
/* End PBXProject section */

/* Begin PBXResourcesBuildPhase section */
		712B3566249C2E08000C8A6D /* Resources */ = {
			isa = PBXResourcesBuildPhase;
			buildActionMask = 2147483647;
			files = (
				712B3578249C2E0B000C8A6D /* LaunchScreen.storyboard in Resources */,
				712B3575249C2E0B000C8A6D /* Assets.xcassets in Resources */,
				712B3573249C2E08000C8A6D /* Main.storyboard in Resources */,
				712B3590249C512F000C8A6D /* mnistCNN.tflite in Resources */,
			);
			runOnlyForDeploymentPostprocessing = 0;
		};
/* End PBXResourcesBuildPhase section */

/* Begin PBXShellScriptBuildPhase section */
		08779E580B6BC06E89E28B21 /* [CP] Check Pods Manifest.lock */ = {
			isa = PBXShellScriptBuildPhase;
			buildActionMask = 2147483647;
			files = (
			);
			inputFileListPaths = (
			);
			inputPaths = (
				"${PODS_PODFILE_DIR_PATH}/Podfile.lock",
				"${PODS_ROOT}/Manifest.lock",
			);
			name = "[CP] Check Pods Manifest.lock";
			outputFileListPaths = (
			);
			outputPaths = (
				"$(DERIVED_FILE_DIR)/Pods-MNIST-TFLiteSwift-checkManifestLockResult.txt",
			);
			runOnlyForDeploymentPostprocessing = 0;
			shellPath = /bin/sh;
			shellScript = "diff \"${PODS_PODFILE_DIR_PATH}/Podfile.lock\" \"${PODS_ROOT}/Manifest.lock\" > /dev/null\nif [ $? != 0 ] ; then\n    # print error to STDERR\n    echo \"error: The sandbox is not in sync with the Podfile.lock. Run 'pod install' or update your CocoaPods installation.\" >&2\n    exit 1\nfi\n# This output is used by Xcode 'outputs' to avoid re-running this script phase.\necho \"SUCCESS\" > \"${SCRIPT_OUTPUT_FILE_0}\"\n";
			showEnvVarsInLog = 0;
		};
/* End PBXShellScriptBuildPhase section */

/* Begin PBXSourcesBuildPhase section */
		712B3564249C2E08000C8A6D /* Sources */ = {
			isa = PBXSourcesBuildPhase;
			buildActionMask = 2147483647;
			files = (
				712B3592249C52FD000C8A6D /* MNISTImageClassifier.swift in Sources */,
				712B3594249C5313000C8A6D /* ImageClassifier.swift in Sources */,
				712B3589249C48B5000C8A6D /* CVPixelBufferExtension.swift in Sources */,
				712B358B249C48E6000C8A6D /* DataExtension.swift in Sources */,
				712B358E249C493A000C8A6D /* UIImageExtension.swift in Sources */,
				712B3570249C2E08000C8A6D /* ViewController.swift in Sources */,
				712B3596249CB570000C8A6D /* DrawView.swift in Sources */,
				712B356C249C2E08000C8A6D /* AppDelegate.swift in Sources */,
				712B3586249C3179000C8A6D /* TFLiteFlatArray.swift in Sources */,
				712B3585249C3179000C8A6D /* TFLiteImageInterpreter.swift in Sources */,
			);
			runOnlyForDeploymentPostprocessing = 0;
		};
/* End PBXSourcesBuildPhase section */

/* Begin PBXVariantGroup section */
		712B3571249C2E08000C8A6D /* Main.storyboard */ = {
			isa = PBXVariantGroup;
			children = (
				712B3572249C2E08000C8A6D /* Base */,
			);
			name = Main.storyboard;
			sourceTree = "<group>";
		};
		712B3576249C2E0B000C8A6D /* LaunchScreen.storyboard */ = {
			isa = PBXVariantGroup;
			children = (
				712B3577249C2E0B000C8A6D /* Base */,
			);
			name = LaunchScreen.storyboard;
			sourceTree = "<group>";
		};
/* End PBXVariantGroup section */

/* Begin XCBuildConfiguration section */
		712B357A249C2E0B000C8A6D /* Debug */ = {
			isa = XCBuildConfiguration;
			buildSettings = {
				ALWAYS_SEARCH_USER_PATHS = NO;
				CLANG_ANALYZER_NONNULL = YES;
				CLANG_ANALYZER_NUMBER_OBJECT_CONVERSION = YES_AGGRESSIVE;
				CLANG_CXX_LANGUAGE_STANDARD = "gnu++14";
				CLANG_CXX_LIBRARY = "libc++";
				CLANG_ENABLE_MODULES = YES;
				CLANG_ENABLE_OBJC_ARC = YES;
				CLANG_ENABLE_OBJC_WEAK = YES;
				CLANG_WARN_BLOCK_CAPTURE_AUTORELEASING = YES;
				CLANG_WARN_BOOL_CONVERSION = YES;
				CLANG_WARN_COMMA = YES;
				CLANG_WARN_CONSTANT_CONVERSION = YES;
				CLANG_WARN_DEPRECATED_OBJC_IMPLEMENTATIONS = YES;
				CLANG_WARN_DIRECT_OBJC_ISA_USAGE = YES_ERROR;
				CLANG_WARN_DOCUMENTATION_COMMENTS = YES;
				CLANG_WARN_EMPTY_BODY = YES;
				CLANG_WARN_ENUM_CONVERSION = YES;
				CLANG_WARN_INFINITE_RECURSION = YES;
				CLANG_WARN_INT_CONVERSION = YES;
				CLANG_WARN_NON_LITERAL_NULL_CONVERSION = YES;
				CLANG_WARN_OBJC_IMPLICIT_RETAIN_SELF = YES;
				CLANG_WARN_OBJC_LITERAL_CONVERSION = YES;
				CLANG_WARN_OBJC_ROOT_CLASS = YES_ERROR;
				CLANG_WARN_RANGE_LOOP_ANALYSIS = YES;
				CLANG_WARN_STRICT_PROTOTYPES = YES;
				CLANG_WARN_SUSPICIOUS_MOVE = YES;
				CLANG_WARN_UNGUARDED_AVAILABILITY = YES_AGGRESSIVE;
				CLANG_WARN_UNREACHABLE_CODE = YES;
				CLANG_WARN__DUPLICATE_METHOD_MATCH = YES;
				COPY_PHASE_STRIP = NO;
				DEBUG_INFORMATION_FORMAT = dwarf;
				ENABLE_STRICT_OBJC_MSGSEND = YES;
				ENABLE_TESTABILITY = YES;
				GCC_C_LANGUAGE_STANDARD = gnu11;
				GCC_DYNAMIC_NO_PIC = NO;
				GCC_NO_COMMON_BLOCKS = YES;
				GCC_OPTIMIZATION_LEVEL = 0;
				GCC_PREPROCESSOR_DEFINITIONS = (
					"DEBUG=1",
					"$(inherited)",
				);
				GCC_WARN_64_TO_32_BIT_CONVERSION = YES;
				GCC_WARN_ABOUT_RETURN_TYPE = YES_ERROR;
				GCC_WARN_UNDECLARED_SELECTOR = YES;
				GCC_WARN_UNINITIALIZED_AUTOS = YES_AGGRESSIVE;
				GCC_WARN_UNUSED_FUNCTION = YES;
				GCC_WARN_UNUSED_VARIABLE = YES;
				IPHONEOS_DEPLOYMENT_TARGET = 13.5;
				MTL_ENABLE_DEBUG_INFO = INCLUDE_SOURCE;
				MTL_FAST_MATH = YES;
				ONLY_ACTIVE_ARCH = YES;
				SDKROOT = iphoneos;
				SWIFT_ACTIVE_COMPILATION_CONDITIONS = DEBUG;
				SWIFT_OPTIMIZATION_LEVEL = "-Onone";
			};
			name = Debug;
		};
		712B357B249C2E0B000C8A6D /* Release */ = {
			isa = XCBuildConfiguration;
			buildSettings = {
				ALWAYS_SEARCH_USER_PATHS = NO;
				CLANG_ANALYZER_NONNULL = YES;
				CLANG_ANALYZER_NUMBER_OBJECT_CONVERSION = YES_AGGRESSIVE;
				CLANG_CXX_LANGUAGE_STANDARD = "gnu++14";
				CLANG_CXX_LIBRARY = "libc++";
				CLANG_ENABLE_MODULES = YES;
				CLANG_ENABLE_OBJC_ARC = YES;
				CLANG_ENABLE_OBJC_WEAK = YES;
				CLANG_WARN_BLOCK_CAPTURE_AUTORELEASING = YES;
				CLANG_WARN_BOOL_CONVERSION = YES;
				CLANG_WARN_COMMA = YES;
				CLANG_WARN_CONSTANT_CONVERSION = YES;
				CLANG_WARN_DEPRECATED_OBJC_IMPLEMENTATIONS = YES;
				CLANG_WARN_DIRECT_OBJC_ISA_USAGE = YES_ERROR;
				CLANG_WARN_DOCUMENTATION_COMMENTS = YES;
				CLANG_WARN_EMPTY_BODY = YES;
				CLANG_WARN_ENUM_CONVERSION = YES;
				CLANG_WARN_INFINITE_RECURSION = YES;
				CLANG_WARN_INT_CONVERSION = YES;
				CLANG_WARN_NON_LITERAL_NULL_CONVERSION = YES;
				CLANG_WARN_OBJC_IMPLICIT_RETAIN_SELF = YES;
				CLANG_WARN_OBJC_LITERAL_CONVERSION = YES;
				CLANG_WARN_OBJC_ROOT_CLASS = YES_ERROR;
				CLANG_WARN_RANGE_LOOP_ANALYSIS = YES;
				CLANG_WARN_STRICT_PROTOTYPES = YES;
				CLANG_WARN_SUSPICIOUS_MOVE = YES;
				CLANG_WARN_UNGUARDED_AVAILABILITY = YES_AGGRESSIVE;
				CLANG_WARN_UNREACHABLE_CODE = YES;
				CLANG_WARN__DUPLICATE_METHOD_MATCH = YES;
				COPY_PHASE_STRIP = NO;
				DEBUG_INFORMATION_FORMAT = "dwarf-with-dsym";
				ENABLE_NS_ASSERTIONS = NO;
				ENABLE_STRICT_OBJC_MSGSEND = YES;
				GCC_C_LANGUAGE_STANDARD = gnu11;
				GCC_NO_COMMON_BLOCKS = YES;
				GCC_WARN_64_TO_32_BIT_CONVERSION = YES;
				GCC_WARN_ABOUT_RETURN_TYPE = YES_ERROR;
				GCC_WARN_UNDECLARED_SELECTOR = YES;
				GCC_WARN_UNINITIALIZED_AUTOS = YES_AGGRESSIVE;
				GCC_WARN_UNUSED_FUNCTION = YES;
				GCC_WARN_UNUSED_VARIABLE = YES;
				IPHONEOS_DEPLOYMENT_TARGET = 13.5;
				MTL_ENABLE_DEBUG_INFO = NO;
				MTL_FAST_MATH = YES;
				SDKROOT = iphoneos;
				SWIFT_COMPILATION_MODE = wholemodule;
				SWIFT_OPTIMIZATION_LEVEL = "-O";
				VALIDATE_PRODUCT = YES;
			};
			name = Release;
		};
		712B357D249C2E0B000C8A6D /* Debug */ = {
			isa = XCBuildConfiguration;
			baseConfigurationReference = 5330708A60F9FBEB46CB2C7B /* Pods-MNIST-TFLiteSwift.debug.xcconfig */;
			buildSettings = {
				ASSETCATALOG_COMPILER_APPICON_NAME = AppIcon;
				CODE_SIGN_STYLE = Automatic;
				DEVELOPMENT_TEAM = 5WXJ4Z4H69;
				INFOPLIST_FILE = "MNIST-TFLiteSwift/Info.plist";
				LD_RUNPATH_SEARCH_PATHS = (
					"$(inherited)",
					"@executable_path/Frameworks",
				);
				PRODUCT_BUNDLE_IDENTIFIER = "com.tucan9389.MNIST-TFLiteSwift";
				PRODUCT_NAME = "$(TARGET_NAME)";
				SWIFT_VERSION = 5.0;
				TARGETED_DEVICE_FAMILY = "1,2";
			};
			name = Debug;
		};
		712B357E249C2E0B000C8A6D /* Release */ = {
			isa = XCBuildConfiguration;
			baseConfigurationReference = 7E259850495AC8FE02578F6D /* Pods-MNIST-TFLiteSwift.release.xcconfig */;
			buildSettings = {
				ASSETCATALOG_COMPILER_APPICON_NAME = AppIcon;
				CODE_SIGN_STYLE = Automatic;
				DEVELOPMENT_TEAM = 5WXJ4Z4H69;
				INFOPLIST_FILE = "MNIST-TFLiteSwift/Info.plist";
				LD_RUNPATH_SEARCH_PATHS = (
					"$(inherited)",
					"@executable_path/Frameworks",
				);
				PRODUCT_BUNDLE_IDENTIFIER = "com.tucan9389.MNIST-TFLiteSwift";
				PRODUCT_NAME = "$(TARGET_NAME)";
				SWIFT_VERSION = 5.0;
				TARGETED_DEVICE_FAMILY = "1,2";
			};
			name = Release;
		};
/* End XCBuildConfiguration section */

/* Begin XCConfigurationList section */
		712B3563249C2E08000C8A6D /* Build configuration list for PBXProject "MNIST-TFLiteSwift" */ = {
			isa = XCConfigurationList;
			buildConfigurations = (
				712B357A249C2E0B000C8A6D /* Debug */,
				712B357B249C2E0B000C8A6D /* Release */,
			);
			defaultConfigurationIsVisible = 0;
			defaultConfigurationName = Release;
		};
		712B357C249C2E0B000C8A6D /* Build configuration list for PBXNativeTarget "MNIST-TFLiteSwift" */ = {
			isa = XCConfigurationList;
			buildConfigurations = (
				712B357D249C2E0B000C8A6D /* Debug */,
				712B357E249C2E0B000C8A6D /* Release */,
			);
			defaultConfigurationIsVisible = 0;
			defaultConfigurationName = Release;
		};
/* End XCConfigurationList section */
	};
	rootObject = 712B3560249C2E08000C8A6D /* Project object */;
}
